
Microsoft Visual Studio Solution File, Format Version 12.00
# Visual Studio 15
VisualStudioVersion = 15.0.27703.2042
MinimumVisualStudioVersion = 10.0.40219.1
Project("{FAE04EC0-301F-11D3-BF4B-00C04F79EFBC}") = "CRUDUI", "CRUDUI\CRUDUI.csproj", "{81F17951-CA3E-4730-B85F-8E233E6555B1}"
EndProject
Global
	GlobalSection(SolutionConfigurationPlatforms) = preSolution
		Debug|Any CPU = Debug|Any CPU
		Release|Any CPU = Release|Any CPU
	EndGlobalSection
	GlobalSection(ProjectConfigurationPlatforms) = postSolution
		{81F17951-CA3E-4730-B85F-8E233E6555B1}.Debug|Any CPU.ActiveCfg = Debug|Any CPU
		{81F17951-CA3E-4730-B85F-8E233E6555B1}.Debug|Any CPU.Build.0 = Debug|Any CPU
		{81F17951-CA3E-4730-B85F-8E233E6555B1}.Release|Any CPU.ActiveCfg = Release|Any CPU
		{81F17951-CA3E-4730-B85F-8E233E6555B1}.Release|Any CPU.Build.0 = Release|Any CPU
	EndGlobalSection
	GlobalSection(SolutionProperties) = preSolution
		HideSolutionNode = FALSE
	EndGlobalSection
	GlobalSection(ExtensibilityGlobals) = postSolution
		SolutionGuid = {0A873508-6303-4A5C-9F1B-8094945FCC04}
	EndGlobalSection
EndGlobal
